
Microsoft Visual Studio Solution File, Format Version 12.00
# Visual Studio Version 16
VisualStudioVersion = 16.0.30225.117
MinimumVisualStudioVersion = 10.0.40219.1
Project("{FAE04EC0-301F-11D3-BF4B-00C04F79EFBC}") = "CustomModels", "CustomModels\CustomModels_core.csproj", "{5A07E7F0-65E2-4A1E-B6F4-22908FEC47E3}"
EndProject
Project("{FAE04EC0-301F-11D3-BF4B-00C04F79EFBC}") = "MCGalaxy_", "MCGalaxy\MCGalaxy\MCGalaxy_dotnet.csproj", "{12597DB0-7C34-4DE1-88EA-9250FF3372EB}"
EndProject
Global
	GlobalSection(SolutionConfigurationPlatforms) = preSolution
		Debug|Any CPU = Debug|Any CPU
		Debug|x86 = Debug|x86
		Release|Any CPU = Release|Any CPU
		Release|x86 = Release|x86
	EndGlobalSection
	GlobalSection(ProjectConfigurationPlatforms) = postSolution
		{5A07E7F0-65E2-4A1E-B6F4-22908FEC47E3}.Debug|Any CPU.ActiveCfg = Debug|Any CPU
		{5A07E7F0-65E2-4A1E-B6F4-22908FEC47E3}.Debug|Any CPU.Build.0 = Debug|Any CPU
		{5A07E7F0-65E2-4A1E-B6F4-22908FEC47E3}.Debug|x86.ActiveCfg = Debug|Any CPU
		{5A07E7F0-65E2-4A1E-B6F4-22908FEC47E3}.Debug|x86.Build.0 = Debug|Any CPU
		{5A07E7F0-65E2-4A1E-B6F4-22908FEC47E3}.Release|Any CPU.ActiveCfg = Release|Any CPU
		{5A07E7F0-65E2-4A1E-B6F4-22908FEC47E3}.Release|Any CPU.Build.0 = Release|Any CPU
		{5A07E7F0-65E2-4A1E-B6F4-22908FEC47E3}.Release|x86.ActiveCfg = Release|Any CPU
		{5A07E7F0-65E2-4A1E-B6F4-22908FEC47E3}.Release|x86.Build.0 = Release|Any CPU
		{12597DB0-7C34-4DE1-88EA-9250FF3372EB}.Debug|Any CPU.ActiveCfg = Debug|x86
		{12597DB0-7C34-4DE1-88EA-9250FF3372EB}.Debug|Any CPU.Build.0 = Debug|x86
		{12597DB0-7C34-4DE1-88EA-9250FF3372EB}.Debug|x86.ActiveCfg = Debug|x86
		{12597DB0-7C34-4DE1-88EA-9250FF3372EB}.Debug|x86.Build.0 = Debug|x86
		{12597DB0-7C34-4DE1-88EA-9250FF3372EB}.Release|Any CPU.ActiveCfg = Release|x86
		{12597DB0-7C34-4DE1-88EA-9250FF3372EB}.Release|Any CPU.Build.0 = Release|x86
		{12597DB0-7C34-4DE1-88EA-9250FF3372EB}.Release|x86.ActiveCfg = Release|x86
		{12597DB0-7C34-4DE1-88EA-9250FF3372EB}.Release|x86.Build.0 = Release|x86
	EndGlobalSection
	GlobalSection(SolutionProperties) = preSolution
		HideSolutionNode = FALSE
	EndGlobalSection
	GlobalSection(ExtensibilityGlobals) = postSolution
		SolutionGuid = {9F4F3917-9C80-4151-956D-EE73E86EC450}
	EndGlobalSection
EndGlobal
